
Microsoft Visual Studio Solution File, Format Version 12.00
# Visual Studio Version 17
VisualStudioVersion = 17.14.36408.4 d17.14
MinimumVisualStudioVersion = 10.0.40219.1
Project("{FAE04EC0-301F-11D3-BF4B-00C04F79EFBC}") = "Exercise 3", "Exercise 3.csproj", "{969D05BD-8A29-4088-9C65-E8238BBEE872}"
EndProject
Global
	GlobalSection(SolutionConfigurationPlatforms) = preSolution
		Debug|Any CPU = Debug|Any CPU
		Release|Any CPU = Release|Any CPU
	EndGlobalSection
	GlobalSection(ProjectConfigurationPlatforms) = postSolution
		{969D05BD-8A29-4088-9C65-E8238BBEE872}.Debug|Any CPU.ActiveCfg = Debug|Any CPU
		{969D05BD-8A29-4088-9C65-E8238BBEE872}.Debug|Any CPU.Build.0 = Debug|Any CPU
		{969D05BD-8A29-4088-9C65-E8238BBEE872}.Release|Any CPU.ActiveCfg = Release|Any CPU
		{969D05BD-8A29-4088-9C65-E8238BBEE872}.Release|Any CPU.Build.0 = Release|Any CPU
	EndGlobalSection
	GlobalSection(SolutionProperties) = preSolution
		HideSolutionNode = FALSE
	EndGlobalSection
	GlobalSection(ExtensibilityGlobals) = postSolution
		SolutionGuid = {E6C3FC0F-589C-4D5C-A8A8-C6E159BBB201}
	EndGlobalSection
EndGlobal
